
Microsoft Visual Studio Solution File, Format Version 12.00
# Visual Studio Version 17
VisualStudioVersion = 17.3.32804.467
MinimumVisualStudioVersion = 10.0.40219.1
Project("{FAE04EC0-301F-11D3-BF4B-00C04F79EFBC}") = "DataAccess", "DataAccess\DataAccess.csproj", "{29D9F6BD-AE57-4DED-8C01-912456875072}"
EndProject
Global
	GlobalSection(SolutionConfigurationPlatforms) = preSolution
		Debug|Any CPU = Debug|Any CPU
		Release|Any CPU = Release|Any CPU
	EndGlobalSection
	GlobalSection(ProjectConfigurationPlatforms) = postSolution
		{29D9F6BD-AE57-4DED-8C01-912456875072}.Debug|Any CPU.ActiveCfg = Debug|Any CPU
		{29D9F6BD-AE57-4DED-8C01-912456875072}.Debug|Any CPU.Build.0 = Debug|Any CPU
		{29D9F6BD-AE57-4DED-8C01-912456875072}.Release|Any CPU.ActiveCfg = Release|Any CPU
		{29D9F6BD-AE57-4DED-8C01-912456875072}.Release|Any CPU.Build.0 = Release|Any CPU
	EndGlobalSection
	GlobalSection(SolutionProperties) = preSolution
		HideSolutionNode = FALSE
	EndGlobalSection
	GlobalSection(ExtensibilityGlobals) = postSolution
		SolutionGuid = {D987A63E-D410-40B6-9B0F-316E207897BC}
	EndGlobalSection
EndGlobal
